// !$*UTF8*$!
{
	archiveVersion = 1;
	classes = {
	};
	objectVersion = 50;
	objects = {

/* Begin PBXBuildFile section */
		CED3C37D247BB8CB004038E4 /* AppDelegate.swift in Sources */ = {isa = PBXBuildFile; fileRef = CED3C37C247BB8CB004038E4 /* AppDelegate.swift */; };
		CED3C37F247BB8CB004038E4 /* SceneDelegate.swift in Sources */ = {isa = PBXBuildFile; fileRef = CED3C37E247BB8CB004038E4 /* SceneDelegate.swift */; };
		CED3C381247BB8CB004038E4 /* ViewController.swift in Sources */ = {isa = PBXBuildFile; fileRef = CED3C380247BB8CB004038E4 /* ViewController.swift */; };
		CED3C384247BB8CB004038E4 /* Main.storyboard in Resources */ = {isa = PBXBuildFile; fileRef = CED3C382247BB8CB004038E4 /* Main.storyboard */; };
		CED3C386247BB8CC004038E4 /* Assets.xcassets in Resources */ = {isa = PBXBuildFile; fileRef = CED3C385247BB8CC004038E4 /* Assets.xcassets */; };
		CED3C389247BB8CC004038E4 /* LaunchScreen.storyboard in Resources */ = {isa = PBXBuildFile; fileRef = CED3C387247BB8CC004038E4 /* LaunchScreen.storyboard */; };
		CEEC5B0B247BD42E0003A177 /* ViewCustom.swift in Sources */ = {isa = PBXBuildFile; fileRef = CEEC5B0A247BD42E0003A177 /* ViewCustom.swift */; };
		CEEC5B0D247BD44E0003A177 /* ViewCustom.xib in Resources */ = {isa = PBXBuildFile; fileRef = CEEC5B0C247BD44E0003A177 /* ViewCustom.xib */; };
/* End PBXBuildFile section */

/* Begin PBXFileReference section */
		CED3C379247BB8CB004038E4 /* BtvnScrollView.app */ = {isa = PBXFileReference; explicitFileType = wrapper.application; includeInIndex = 0; path = BtvnScrollView.app; sourceTree = BUILT_PRODUCTS_DIR; };
		CED3C37C247BB8CB004038E4 /* AppDelegate.swift */ = {isa = PBXFileReference; lastKnownFileType = sourcecode.swift; path = AppDelegate.swift; sourceTree = "<group>"; };
		CED3C37E247BB8CB004038E4 /* SceneDelegate.swift */ = {isa = PBXFileReference; lastKnownFileType = sourcecode.swift; path = SceneDelegate.swift; sourceTree = "<group>"; };
		CED3C380247BB8CB004038E4 /* ViewController.swift */ = {isa = PBXFileReference; lastKnownFileType = sourcecode.swift; path = ViewController.swift; sourceTree = "<group>"; };
		CED3C383247BB8CB004038E4 /* Base */ = {isa = PBXFileReference; lastKnownFileType = file.storyboard; name = Base; path = Base.lproj/Main.storyboard; sourceTree = "<group>"; };
		CED3C385247BB8CC004038E4 /* Assets.xcassets */ = {isa = PBXFileReference; lastKnownFileType = folder.assetcatalog; path = Assets.xcassets; sourceTree = "<group>"; };
		CED3C388247BB8CC004038E4 /* Base */ = {isa = PBXFileReference; lastKnownFileType = file.storyboard; name = Base; path = Base.lproj/LaunchScreen.storyboard; sourceTree = "<group>"; };
		CED3C38A247BB8CC004038E4 /* Info.plist */ = {isa = PBXFileReference; lastKnownFileType = text.plist.xml; path = Info.plist; sourceTree = "<group>"; };
		CEEC5B0A247BD42E0003A177 /* ViewCustom.swift */ = {isa = PBXFileReference; lastKnownFileType = sourcecode.swift; path = ViewCustom.swift; sourceTree = "<group>"; };
		CEEC5B0C247BD44E0003A177 /* ViewCustom.xib */ = {isa = PBXFileReference; lastKnownFileType = file.xib; path = ViewCustom.xib; sourceTree = "<group>"; };
/* End PBXFileReference section */

/* Begin PBXFrameworksBuildPhase section */
		CED3C376247BB8CB004038E4 /* Frameworks */ = {
			isa = PBXFrameworksBuildPhase;
			buildActionMask = 2147483647;
			files = (
			);
			runOnlyForDeploymentPostprocessing = 0;
		};
/* End PBXFrameworksBuildPhase section */

/* Begin PBXGroup section */
		CED3C370247BB8CB004038E4 = {
			isa = PBXGroup;
			children = (
				CED3C37B247BB8CB004038E4 /* BtvnScrollView */,
				CED3C37A247BB8CB004038E4 /* Products */,
			);
			sourceTree = "<group>";
		};
		CED3C37A247BB8CB004038E4 /* Products */ = {
			isa = PBXGroup;
			children = (
				CED3C379247BB8CB004038E4 /* BtvnScrollView.app */,
			);
			name = Products;
			sourceTree = "<group>";
		};
		CED3C37B247BB8CB004038E4 /* BtvnScrollView */ = {
			isa = PBXGroup;
			children = (
				CED3C37C247BB8CB004038E4 /* AppDelegate.swift */,
				CED3C37E247BB8CB004038E4 /* SceneDelegate.swift */,
				CED3C380247BB8CB004038E4 /* ViewController.swift */,
				CED3C382247BB8CB004038E4 /* Main.storyboard */,
				CED3C385247BB8CC004038E4 /* Assets.xcassets */,
				CED3C387247BB8CC004038E4 /* LaunchScreen.storyboard */,
				CED3C38A247BB8CC004038E4 /* Info.plist */,
				CEEC5B0A247BD42E0003A177 /* ViewCustom.swift */,
				CEEC5B0C247BD44E0003A177 /* ViewCustom.xib */,
			);
			path = BtvnScrollView;
			sourceTree = "<group>";
		};
/* End PBXGroup section */

/* Begin PBXNativeTarget section */
		CED3C378247BB8CB004038E4 /* BtvnScrollView */ = {
			isa = PBXNativeTarget;
			buildConfigurationList = CED3C38D247BB8CC004038E4 /* Build configuration list for PBXNativeTarget "BtvnScrollView" */;
			buildPhases = (
				CED3C375247BB8CB004038E4 /* Sources */,
				CED3C376247BB8CB004038E4 /* Frameworks */,
				CED3C377247BB8CB004038E4 /* Resources */,
			);
			buildRules = (
			);
			dependencies = (
			);
			name = BtvnScrollView;
			productName = BtvnScrollView;
			productReference = CED3C379247BB8CB004038E4 /* BtvnScrollView.app */;
			productType = "com.apple.product-type.application";
		};
/* End PBXNativeTarget section */

/* Begin PBXProject section */
		CED3C371247BB8CB004038E4 /* Project object */ = {
			isa = PBXProject;
			attributes = {
				LastSwiftUpdateCheck = 1130;
				LastUpgradeCheck = 1130;
				ORGANIZATIONNAME = hung;
				TargetAttributes = {
					CED3C378247BB8CB004038E4 = {
						CreatedOnToolsVersion = 11.3.1;
					};
				};
			};
			buildConfigurationList = CED3C374247BB8CB004038E4 /* Build configuration list for PBXProject "BtvnScrollView" */;
			compatibilityVersion = "Xcode 9.3";
			developmentRegion = en;
			hasScannedForEncodings = 0;
			knownRegions = (
				en,
				Base,
			);
			mainGroup = CED3C370247BB8CB004038E4;
			productRefGroup = CED3C37A247BB8CB004038E4 /* Products */;
			projectDirPath = "";
			projectRoot = "";
			targets = (
				CED3C378247BB8CB004038E4 /* BtvnScrollView */,
			);
		};
/* End PBXProject section */

/* Begin PBXResourcesBuildPhase section */
		CED3C377247BB8CB004038E4 /* Resources */ = {
			isa = PBXResourcesBuildPhase;
			buildActionMask = 2147483647;
			files = (
				CED3C389247BB8CC004038E4 /* LaunchScreen.storyboard in Resources */,
				CEEC5B0D247BD44E0003A177 /* ViewCustom.xib in Resources */,
				CED3C386247BB8CC004038E4 /* Assets.xcassets in Resources */,
				CED3C384247BB8CB004038E4 /* Main.storyboard in Resources */,
			);
			runOnlyForDeploymentPostprocessing = 0;
		};
/* End PBXResourcesBuildPhase section */

/* Begin PBXSourcesBuildPhase section */
		CED3C375247BB8CB004038E4 /* Sources */ = {
			isa = PBXSourcesBuildPhase;
			buildActionMask = 2147483647;
			files = (
				CED3C381247BB8CB004038E4 /* ViewController.swift in Sources */,
				CED3C37D247BB8CB004038E4 /* AppDelegate.swift in Sources */,
				CEEC5B0B247BD42E0003A177 /* ViewCustom.swift in Sources */,
				CED3C37F247BB8CB004038E4 /* SceneDelegate.swift in Sources */,
			);
			runOnlyForDeploymentPostprocessing = 0;
		};
/* End PBXSourcesBuildPhase section */

/* Begin PBXVariantGroup section */
		CED3C382247BB8CB004038E4 /* Main.storyboard */ = {
			isa = PBXVariantGroup;
			children = (
				CED3C383247BB8CB004038E4 /* Base */,
			);
			name = Main.storyboard;
			sourceTree = "<group>";
		};
		CED3C387247BB8CC004038E4 /* LaunchScreen.storyboard */ = {
			isa = PBXVariantGroup;
			children = (
				CED3C388247BB8CC004038E4 /* Base */,
			);
			name = LaunchScreen.storyboard;
			sourceTree = "<group>";
		};
/* End PBXVariantGroup section */

/* Begin XCBuildConfiguration section */
		CED3C38B247BB8CC004038E4 /* Debug */ = {
			isa = XCBuildConfiguration;
			buildSettings = {
				ALWAYS_SEARCH_USER_PATHS = NO;
				CLANG_ANALYZER_NONNULL = YES;
				CLANG_ANALYZER_NUMBER_OBJECT_CONVERSION = YES_AGGRESSIVE;
				CLANG_CXX_LANGUAGE_STANDARD = "gnu++14";
				CLANG_CXX_LIBRARY = "libc++";
				CLANG_ENABLE_MODULES = YES;
				CLANG_ENABLE_OBJC_ARC = YES;
				CLANG_ENABLE_OBJC_WEAK = YES;
				CLANG_WARN_BLOCK_CAPTURE_AUTORELEASING = YES;
				CLANG_WARN_BOOL_CONVERSION = YES;
				CLANG_WARN_COMMA = YES;
				CLANG_WARN_CONSTANT_CONVERSION = YES;
				CLANG_WARN_DEPRECATED_OBJC_IMPLEMENTATIONS = YES;
				CLANG_WARN_DIRECT_OBJC_ISA_USAGE = YES_ERROR;
				CLANG_WARN_DOCUMENTATION_COMMENTS = YES;
				CLANG_WARN_EMPTY_BODY = YES;
				CLANG_WARN_ENUM_CONVERSION = YES;
				CLANG_WARN_INFINITE_RECURSION = YES;
				CLANG_WARN_INT_CONVERSION = YES;
				CLANG_WARN_NON_LITERAL_NULL_CONVERSION = YES;
				CLANG_WARN_OBJC_IMPLICIT_RETAIN_SELF = YES;
				CLANG_WARN_OBJC_LITERAL_CONVERSION = YES;
				CLANG_WARN_OBJC_ROOT_CLASS = YES_ERROR;
				CLANG_WARN_RANGE_LOOP_ANALYSIS = YES;
				CLANG_WARN_STRICT_PROTOTYPES = YES;
				CLANG_WARN_SUSPICIOUS_MOVE = YES;
				CLANG_WARN_UNGUARDED_AVAILABILITY = YES_AGGRESSIVE;
				CLANG_WARN_UNREACHABLE_CODE = YES;
				CLANG_WARN__DUPLICATE_METHOD_MATCH = YES;
				COPY_PHASE_STRIP = NO;
				DEBUG_INFORMATION_FORMAT = dwarf;
				ENABLE_STRICT_OBJC_MSGSEND = YES;
				ENABLE_TESTABILITY = YES;
				GCC_C_LANGUAGE_STANDARD = gnu11;
				GCC_DYNAMIC_NO_PIC = NO;
				GCC_NO_COMMON_BLOCKS = YES;
				GCC_OPTIMIZATION_LEVEL = 0;
				GCC_PREPROCESSOR_DEFINITIONS = (
					"DEBUG=1",
					"$(inherited)",
				);
				GCC_WARN_64_TO_32_BIT_CONVERSION = YES;
				GCC_WARN_ABOUT_RETURN_TYPE = YES_ERROR;
				GCC_WARN_UNDECLARED_SELECTOR = YES;
				GCC_WARN_UNINITIALIZED_AUTOS = YES_AGGRESSIVE;
				GCC_WARN_UNUSED_FUNCTION = YES;
				GCC_WARN_UNUSED_VARIABLE = YES;
				IPHONEOS_DEPLOYMENT_TARGET = 13.2;
				MTL_ENABLE_DEBUG_INFO = INCLUDE_SOURCE;
				MTL_FAST_MATH = YES;
				ONLY_ACTIVE_ARCH = YES;
				SDKROOT = iphoneos;
				SWIFT_ACTIVE_COMPILATION_CONDITIONS = DEBUG;
				SWIFT_OPTIMIZATION_LEVEL = "-Onone";
			};
			name = Debug;
		};
		CED3C38C247BB8CC004038E4 /* Release */ = {
			isa = XCBuildConfiguration;
			buildSettings = {
				ALWAYS_SEARCH_USER_PATHS = NO;
				CLANG_ANALYZER_NONNULL = YES;
				CLANG_ANALYZER_NUMBER_OBJECT_CONVERSION = YES_AGGRESSIVE;
				CLANG_CXX_LANGUAGE_STANDARD = "gnu++14";
				CLANG_CXX_LIBRARY = "libc++";
				CLANG_ENABLE_MODULES = YES;
				CLANG_ENABLE_OBJC_ARC = YES;
				CLANG_ENABLE_OBJC_WEAK = YES;
				CLANG_WARN_BLOCK_CAPTURE_AUTORELEASING = YES;
				CLANG_WARN_BOOL_CONVERSION = YES;
				CLANG_WARN_COMMA = YES;
				CLANG_WARN_CONSTANT_CONVERSION = YES;
				CLANG_WARN_DEPRECATED_OBJC_IMPLEMENTATIONS = YES;
				CLANG_WARN_DIRECT_OBJC_ISA_USAGE = YES_ERROR;
				CLANG_WARN_DOCUMENTATION_COMMENTS = YES;
				CLANG_WARN_EMPTY_BODY = YES;
				CLANG_WARN_ENUM_CONVERSION = YES;
				CLANG_WARN_INFINITE_RECURSION = YES;
				CLANG_WARN_INT_CONVERSION = YES;
				CLANG_WARN_NON_LITERAL_NULL_CONVERSION = YES;
				CLANG_WARN_OBJC_IMPLICIT_RETAIN_SELF = YES;
				CLANG_WARN_OBJC_LITERAL_CONVERSION = YES;
				CLANG_WARN_OBJC_ROOT_CLASS = YES_ERROR;
				CLANG_WARN_RANGE_LOOP_ANALYSIS = YES;
				CLANG_WARN_STRICT_PROTOTYPES = YES;
				CLANG_WARN_SUSPICIOUS_MOVE = YES;
				CLANG_WARN_UNGUARDED_AVAILABILITY = YES_AGGRESSIVE;
				CLANG_WARN_UNREACHABLE_CODE = YES;
				CLANG_WARN__DUPLICATE_METHOD_MATCH = YES;
				COPY_PHASE_STRIP = NO;
				DEBUG_INFORMATION_FORMAT = "dwarf-with-dsym";
				ENABLE_NS_ASSERTIONS = NO;
				ENABLE_STRICT_OBJC_MSGSEND = YES;
				GCC_C_LANGUAGE_STANDARD = gnu11;
				GCC_NO_COMMON_BLOCKS = YES;
				GCC_WARN_64_TO_32_BIT_CONVERSION = YES;
				GCC_WARN_ABOUT_RETURN_TYPE = YES_ERROR;
				GCC_WARN_UNDECLARED_SELECTOR = YES;
				GCC_WARN_UNINITIALIZED_AUTOS = YES_AGGRESSIVE;
				GCC_WARN_UNUSED_FUNCTION = YES;
				GCC_WARN_UNUSED_VARIABLE = YES;
				IPHONEOS_DEPLOYMENT_TARGET = 13.2;
				MTL_ENABLE_DEBUG_INFO = NO;
				MTL_FAST_MATH = YES;
				SDKROOT = iphoneos;
				SWIFT_COMPILATION_MODE = wholemodule;
				SWIFT_OPTIMIZATION_LEVEL = "-O";
				VALIDATE_PRODUCT = YES;
			};
			name = Release;
		};
		CED3C38E247BB8CC004038E4 /* Debug */ = {
			isa = XCBuildConfiguration;
			buildSettings = {
				ASSETCATALOG_COMPILER_APPICON_NAME = AppIcon;
				CODE_SIGN_STYLE = Automatic;
				INFOPLIST_FILE = BtvnScrollView/Info.plist;
				LD_RUNPATH_SEARCH_PATHS = (
					"$(inherited)",
					"@executable_path/Frameworks",
				);
				PRODUCT_BUNDLE_IDENTIFIER = com.hungnguyen.BtvnScrollView;
				PRODUCT_NAME = "$(TARGET_NAME)";
				SWIFT_VERSION = 5.0;
				TARGETED_DEVICE_FAMILY = "1,2";
			};
			name = Debug;
		};
		CED3C38F247BB8CC004038E4 /* Release */ = {
			isa = XCBuildConfiguration;
			buildSettings = {
				ASSETCATALOG_COMPILER_APPICON_NAME = AppIcon;
				CODE_SIGN_STYLE = Automatic;
				INFOPLIST_FILE = BtvnScrollView/Info.plist;
				LD_RUNPATH_SEARCH_PATHS = (
					"$(inherited)",
					"@executable_path/Frameworks",
				);
				PRODUCT_BUNDLE_IDENTIFIER = com.hungnguyen.BtvnScrollView;
				PRODUCT_NAME = "$(TARGET_NAME)";
				SWIFT_VERSION = 5.0;
				TARGETED_DEVICE_FAMILY = "1,2";
			};
			name = Release;
		};
/* End XCBuildConfiguration section */

/* Begin XCConfigurationList section */
		CED3C374247BB8CB004038E4 /* Build configuration list for PBXProject "BtvnScrollView" */ = {
			isa = XCConfigurationList;
			buildConfigurations = (
				CED3C38B247BB8CC004038E4 /* Debug */,
				CED3C38C247BB8CC004038E4 /* Release */,
			);
			defaultConfigurationIsVisible = 0;
			defaultConfigurationName = Release;
		};
		CED3C38D247BB8CC004038E4 /* Build configuration list for PBXNativeTarget "BtvnScrollView" */ = {
			isa = XCConfigurationList;
			buildConfigurations = (
				CED3C38E247BB8CC004038E4 /* Debug */,
				CED3C38F247BB8CC004038E4 /* Release */,
			);
			defaultConfigurationIsVisible = 0;
			defaultConfigurationName = Release;
		};
/* End XCConfigurationList section */
	};
	rootObject = CED3C371247BB8CB004038E4 /* Project object */;
}
